{
  "nodes": {
    "emacs-overlay": {
      "inputs": {
        "nixpkgs": [
          "nixpkgs"
        ],
        "nixpkgs-stable": "nixpkgs-stable"
      },
      "locked": {
        "lastModified": 1789499151,
        "narHash": "sha256-eY2RDRHeIIOwL+zjGmh9LXGQ4wPbkleyFHf020BBJUA=",
        "owner": "nix-community",
        "repo": "emacs-overlay",
        "rev": "ec6e48d2d6c9790e28c98f7c0c1652f4ee246de6",
        "type": "github"
      },
      "original": {
        "owner": "nix-community",
        "repo": "emacs-overlay",
        "type": "github"
      }
    },
    "emacs-skills": {
      "flake": false,
      "locked": {
        "lastModified": 1784658101,
        "narHash": "sha256-ZWikhVPlgTw5TqgXU8pCZSRPvnSAxHCqnqgiZvAuV+8=",
        "owner": "xenodium",
        "repo": "emacs-skills",
        "rev": "a158238bd630ebe68f57fb9caf99e984e757ca4f",
        "type": "github"
      },
      "original": {
        "owner": "xenodium",
        "repo": "emacs-skills",
        "type": "github"
      }
    },
    "emacs-tramp-rpc": {
      "inputs": {
        "nixpkgs": [
          "nixpkgs"
        ],
        "rust-overlay": "rust-overlay"
      },
      "locked": {
        "lastModified": 1789144959,
        "narHash": "sha256-3xKMPRkC/u8AvuzPs253M0MnZuA6cl025UcRVaGKhhw=",
        "owner": "ArthurHeymans",
        "repo": "emacs-tramp-rpc",
        "rev": "948e42a76a97947fb2a00e2815f958b7e7b40534",
        "type": "github"
      },
      "original": {
        "owner": "ArthurHeymans",
        "repo": "emacs-tramp-rpc",
        "type": "github"
      }
    },
    "flake-utils": {
      "inputs": {
        "systems": "systems"
      },
      "locked": {
        "lastModified": 1731533236,
        "narHash": "sha256-l0KFg5HjrsfsO/JpG+r7fRrqm12kzFHyUHqHCVpMMbI=",
        "owner": "numtide",
        "repo": "flake-utils",
        "rev": "11707dc2f618dd54ca8739b309ec4fc024de578b",
        "type": "github"
      },
      "original": {
        "owner": "numtide",
        "repo": "flake-utils",
        "type": "github"
      }
    },
    "nixpkgs": {
      "locked": {
        "lastModified": 1789286504,
        "narHash": "sha256-eiEK7cKZORNEvX0GeF3RtNEF/JXhgf2RqSp3230q13E=",
        "owner": "nixos",
        "repo": "nixpkgs",
        "rev": "ef34387ddd751e1ab8857adf4676492d32eb24ec",
        "type": "github"
      },
      "original": {
        "owner": "nixos",
        "ref": "nixos-unstable",
        "repo": "nixpkgs",
        "type": "github"
      }
    },
    "nixpkgs-stable": {
      "locked": {
        "lastModified": 1789344334,
        "narHash": "sha256-vdhpDJ3Lr24lkZ+fDCjmBRRtw9/vcSzkqGJOJyF5h2U=",
        "owner": "NixOS",
        "repo": "nixpkgs",
        "rev": "c3eea5b2156db11c7eeeada3dc737711255b253e",
        "type": "github"
      },
      "original": {
        "owner": "NixOS",
        "ref": "nixos-26.05",
        "repo": "nixpkgs",
        "type": "github"
      }
    },
    "root": {
      "inputs": {
        "emacs-overlay": "emacs-overlay",
        "emacs-skills": "emacs-skills",
        "emacs-tramp-rpc": "emacs-tramp-rpc",
        "flake-utils": "flake-utils",
        "nixpkgs": "nixpkgs"
      }
    },
    "rust-overlay": {
      "inputs": {
        "nixpkgs": [
          "emacs-tramp-rpc",
          "nixpkgs"
        ]
      },
      "locked": {
        "lastModified": 1768445213,
        "narHash": "sha256-y0BglISgDr61vvdb35m0O4npuqh1pojlBNDILo9j8AI=",
        "owner": "oxalica",
        "repo": "rust-overlay",
        "rev": "1cd63408e71cc0e6a89ff2cb7c4107214e2523cc",
        "type": "github"
      },
      "original": {
        "owner": "oxalica",
        "repo": "rust-overlay",
        "type": "github"
      }
    },
    "systems": {
      "locked": {
        "lastModified": 1681028828,
        "narHash": "sha256-Vy1rq5AaRuLzOxct8nz4T6wlgyUR7zLU309k9mBC768=",
        "owner": "nix-systems",
        "repo": "default",
        "rev": "da67096a3b9bf56a91d16901293e51ba5b49a27e",
        "type": "github"
      },
      "original": {
        "owner": "nix-systems",
        "repo": "default",
        "type": "github"
      }
    }
  },
  "root": "root",
  "version": 7
}
