{
  "nodes": {
    "emacs-overlay": {
      "inputs": {
        "nixpkgs": [
          "nixpkgs"
        ],
        "nixpkgs-stable": "nixpkgs-stable"
      },
      "locked": {
        "lastModified": 1788634138,
        "narHash": "sha256-srDXyHBjuq2xfU0hlizaKEiPEbudgPfmTBkljMbPLaQ=",
        "owner": "nix-community",
        "repo": "emacs-overlay",
        "rev": "41c123de026f318d4303ff16dcb32abec965b0e3",
        "type": "github"
      },
      "original": {
        "owner": "nix-community",
        "repo": "emacs-overlay",
        "type": "github"
      }
    },
    "emacs-skills": {
      "flake": false,
      "locked": {
        "lastModified": 1784658101,
        "narHash": "sha256-ZWikhVPlgTw5TqgXU8pCZSRPvnSAxHCqnqgiZvAuV+8=",
        "owner": "xenodium",
        "repo": "emacs-skills",
        "rev": "a158238bd630ebe68f57fb9caf99e984e757ca4f",
        "type": "github"
      },
      "original": {
        "owner": "xenodium",
        "repo": "emacs-skills",
        "type": "github"
      }
    },
    "emacs-tramp-rpc": {
      "inputs": {
        "nixpkgs": [
          "nixpkgs"
        ],
        "rust-overlay": "rust-overlay"
      },
      "locked": {
        "lastModified": 1788591058,
        "narHash": "sha256-h+IuhxGoNyXuiDLuY7eK8oARdkUBRa6zzntH+nF3eRc=",
        "owner": "ArthurHeymans",
        "repo": "emacs-tramp-rpc",
        "rev": "1269309ca25f92f006e1480103a2d12937f16658",
        "type": "github"
      },
      "original": {
        "owner": "ArthurHeymans",
        "repo": "emacs-tramp-rpc",
        "type": "github"
      }
    },
    "flake-utils": {
      "inputs": {
        "systems": "systems"
      },
      "locked": {
        "lastModified": 1731533236,
        "narHash": "sha256-l0KFg5HjrsfsO/JpG+r7fRrqm12kzFHyUHqHCVpMMbI=",
        "owner": "numtide",
        "repo": "flake-utils",
        "rev": "11707dc2f618dd54ca8739b309ec4fc024de578b",
        "type": "github"
      },
      "original": {
        "owner": "numtide",
        "repo": "flake-utils",
        "type": "github"
      }
    },
    "nixpkgs": {
      "locked": {
        "lastModified": 1788614874,
        "narHash": "sha256-7QYjT2vHLuX9Z1pdxHXDKCbh1CR3D/2rywB9Tx0MPRg=",
        "owner": "nixos",
        "repo": "nixpkgs",
        "rev": "c043004d1c6985732bcc1cbc5a9c9aecbbb4e0f0",
        "type": "github"
      },
      "original": {
        "owner": "nixos",
        "ref": "nixos-unstable",
        "repo": "nixpkgs",
        "type": "github"
      }
    },
    "nixpkgs-stable": {
      "locked": {
        "lastModified": 1788405554,
        "narHash": "sha256-r2f1oUwixlgq9zOdYLqJLfS/lWBT60/IITjhTKI59JU=",
        "owner": "NixOS",
        "repo": "nixpkgs",
        "rev": "a5cc6f2c37bf518436dc8d1c288ccd0c43c2f4c4",
        "type": "github"
      },
      "original": {
        "owner": "NixOS",
        "ref": "nixos-26.05",
        "repo": "nixpkgs",
        "type": "github"
      }
    },
    "root": {
      "inputs": {
        "emacs-overlay": "emacs-overlay",
        "emacs-skills": "emacs-skills",
        "emacs-tramp-rpc": "emacs-tramp-rpc",
        "flake-utils": "flake-utils",
        "nixpkgs": "nixpkgs"
      }
    },
    "rust-overlay": {
      "inputs": {
        "nixpkgs": [
          "emacs-tramp-rpc",
          "nixpkgs"
        ]
      },
      "locked": {
        "lastModified": 1768445213,
        "narHash": "sha256-y0BglISgDr61vvdb35m0O4npuqh1pojlBNDILo9j8AI=",
        "owner": "oxalica",
        "repo": "rust-overlay",
        "rev": "1cd63408e71cc0e6a89ff2cb7c4107214e2523cc",
        "type": "github"
      },
      "original": {
        "owner": "oxalica",
        "repo": "rust-overlay",
        "type": "github"
      }
    },
    "systems": {
      "locked": {
        "lastModified": 1681028828,
        "narHash": "sha256-Vy1rq5AaRuLzOxct8nz4T6wlgyUR7zLU309k9mBC768=",
        "owner": "nix-systems",
        "repo": "default",
        "rev": "da67096a3b9bf56a91d16901293e51ba5b49a27e",
        "type": "github"
      },
      "original": {
        "owner": "nix-systems",
        "repo": "default",
        "type": "github"
      }
    }
  },
  "root": "root",
  "version": 7
}
